
Microsoft Visual Studio Solution File, Format Version 12.00
# Visual Studio 14
VisualStudioVersion = 14.0.24720.0
MinimumVisualStudioVersion = 10.0.40219.1
Project("{FAE04EC0-301F-11D3-BF4B-00C04F79EFBC}") = "Gothandy.Tables", "Gothandy.Tables\Gothandy.Tables.csproj", "{7B7FD80B-4160-45E5-8271-584BD98BA673}"
EndProject
Project("{FAE04EC0-301F-11D3-BF4B-00C04F79EFBC}") = "Gothandy.Tables.AzureBlobs", "Gothandy.Tables.AzureBlobs\Gothandy.Tables.AzureBlobs.csproj", "{24357AB0-D80C-4A17-BE95-CE20BB499FD6}"
EndProject
Project("{FAE04EC0-301F-11D3-BF4B-00C04F79EFBC}") = "Gothandy.Tables.AzureTables", "Gothandy.Tables.AzureTables\Gothandy.Tables.AzureTables.csproj", "{515FEB22-5056-4247-81B3-507C85A7C409}"
EndProject
Project("{FAE04EC0-301F-11D3-BF4B-00C04F79EFBC}") = "Gothandy.Tables.Bulk", "Gothandy.Tables.Bulk\Gothandy.Tables.Bulk.csproj", "{D98904AF-3425-44AE-BDE6-8F687A2073F1}"
EndProject
Project("{FAE04EC0-301F-11D3-BF4B-00C04F79EFBC}") = "Gothandy.Tables.Cache", "Gothandy.Tables.Cache\Gothandy.Tables.Cache.csproj", "{EECBFCB7-33CD-43A6-B1AC-F7BF0070D9B4}"
EndProject
Global
	GlobalSection(SolutionConfigurationPlatforms) = preSolution
		Debug|Any CPU = Debug|Any CPU
		Release|Any CPU = Release|Any CPU
	EndGlobalSection
	GlobalSection(ProjectConfigurationPlatforms) = postSolution
		{7B7FD80B-4160-45E5-8271-584BD98BA673}.Debug|Any CPU.ActiveCfg = Debug|Any CPU
		{7B7FD80B-4160-45E5-8271-584BD98BA673}.Debug|Any CPU.Build.0 = Debug|Any CPU
		{7B7FD80B-4160-45E5-8271-584BD98BA673}.Release|Any CPU.ActiveCfg = Release|Any CPU
		{7B7FD80B-4160-45E5-8271-584BD98BA673}.Release|Any CPU.Build.0 = Release|Any CPU
		{24357AB0-D80C-4A17-BE95-CE20BB499FD6}.Debug|Any CPU.ActiveCfg = Debug|Any CPU
		{24357AB0-D80C-4A17-BE95-CE20BB499FD6}.Debug|Any CPU.Build.0 = Debug|Any CPU
		{24357AB0-D80C-4A17-BE95-CE20BB499FD6}.Release|Any CPU.ActiveCfg = Release|Any CPU
		{24357AB0-D80C-4A17-BE95-CE20BB499FD6}.Release|Any CPU.Build.0 = Release|Any CPU
		{515FEB22-5056-4247-81B3-507C85A7C409}.Debug|Any CPU.ActiveCfg = Debug|Any CPU
		{515FEB22-5056-4247-81B3-507C85A7C409}.Debug|Any CPU.Build.0 = Debug|Any CPU
		{515FEB22-5056-4247-81B3-507C85A7C409}.Release|Any CPU.ActiveCfg = Release|Any CPU
		{515FEB22-5056-4247-81B3-507C85A7C409}.Release|Any CPU.Build.0 = Release|Any CPU
		{D98904AF-3425-44AE-BDE6-8F687A2073F1}.Debug|Any CPU.ActiveCfg = Debug|Any CPU
		{D98904AF-3425-44AE-BDE6-8F687A2073F1}.Debug|Any CPU.Build.0 = Debug|Any CPU
		{D98904AF-3425-44AE-BDE6-8F687A2073F1}.Release|Any CPU.ActiveCfg = Release|Any CPU
		{D98904AF-3425-44AE-BDE6-8F687A2073F1}.Release|Any CPU.Build.0 = Release|Any CPU
		{EECBFCB7-33CD-43A6-B1AC-F7BF0070D9B4}.Debug|Any CPU.ActiveCfg = Debug|Any CPU
		{EECBFCB7-33CD-43A6-B1AC-F7BF0070D9B4}.Debug|Any CPU.Build.0 = Debug|Any CPU
		{EECBFCB7-33CD-43A6-B1AC-F7BF0070D9B4}.Release|Any CPU.ActiveCfg = Release|Any CPU
		{EECBFCB7-33CD-43A6-B1AC-F7BF0070D9B4}.Release|Any CPU.Build.0 = Release|Any CPU
	EndGlobalSection
	GlobalSection(SolutionProperties) = preSolution
		HideSolutionNode = FALSE
	EndGlobalSection
EndGlobal
